
Microsoft Visual Studio Solution File, Format Version 12.00
# Visual Studio 2012
Project("{FAE04EC0-301F-11D3-BF4B-00C04F79EFBC}") = "ChatApp", "ChatApp\ChatApp.csproj", "{4F88A594-BF1B-4607-82FF-B5A5A42AE909}"
EndProject
Project("{FAE04EC0-301F-11D3-BF4B-00C04F79EFBC}") = "ChatApp.iOS", "iOS\ChatApp.iOS.csproj", "{9E9D02CD-165C-457B-9D1A-F81EE488F3B7}"
EndProject
Project("{FAE04EC0-301F-11D3-BF4B-00C04F79EFBC}") = "ChatApp.Droid", "Droid\ChatApp.Droid.csproj", "{5D1BBEA0-CF9C-4DF4-A27F-BB0E451ABBF8}"
EndProject
Global
	GlobalSection(SolutionConfigurationPlatforms) = preSolution
		Debug|Any CPU = Debug|Any CPU
		Release|Any CPU = Release|Any CPU
		Debug|iPhoneSimulator = Debug|iPhoneSimulator
		Release|iPhone = Release|iPhone
		Release|iPhoneSimulator = Release|iPhoneSimulator
		Debug|iPhone = Debug|iPhone
	EndGlobalSection
	GlobalSection(ProjectConfigurationPlatforms) = postSolution
		{4F88A594-BF1B-4607-82FF-B5A5A42AE909}.Debug|Any CPU.ActiveCfg = Debug|Any CPU
		{4F88A594-BF1B-4607-82FF-B5A5A42AE909}.Debug|Any CPU.Build.0 = Debug|Any CPU
		{4F88A594-BF1B-4607-82FF-B5A5A42AE909}.Release|Any CPU.ActiveCfg = Release|Any CPU
		{4F88A594-BF1B-4607-82FF-B5A5A42AE909}.Release|Any CPU.Build.0 = Release|Any CPU
		{4F88A594-BF1B-4607-82FF-B5A5A42AE909}.Debug|iPhoneSimulator.ActiveCfg = Debug|Any CPU
		{4F88A594-BF1B-4607-82FF-B5A5A42AE909}.Debug|iPhoneSimulator.Build.0 = Debug|Any CPU
		{4F88A594-BF1B-4607-82FF-B5A5A42AE909}.Release|iPhone.ActiveCfg = Release|Any CPU
		{4F88A594-BF1B-4607-82FF-B5A5A42AE909}.Release|iPhone.Build.0 = Release|Any CPU
		{4F88A594-BF1B-4607-82FF-B5A5A42AE909}.Release|iPhoneSimulator.ActiveCfg = Release|Any CPU
		{4F88A594-BF1B-4607-82FF-B5A5A42AE909}.Release|iPhoneSimulator.Build.0 = Release|Any CPU
		{4F88A594-BF1B-4607-82FF-B5A5A42AE909}.Debug|iPhone.ActiveCfg = Debug|Any CPU
		{4F88A594-BF1B-4607-82FF-B5A5A42AE909}.Debug|iPhone.Build.0 = Debug|Any CPU
		{9E9D02CD-165C-457B-9D1A-F81EE488F3B7}.Debug|Any CPU.ActiveCfg = Debug|iPhoneSimulator
		{9E9D02CD-165C-457B-9D1A-F81EE488F3B7}.Debug|Any CPU.Build.0 = Debug|iPhoneSimulator
		{9E9D02CD-165C-457B-9D1A-F81EE488F3B7}.Release|Any CPU.ActiveCfg = Release|iPhone
		{9E9D02CD-165C-457B-9D1A-F81EE488F3B7}.Release|Any CPU.Build.0 = Release|iPhone
		{9E9D02CD-165C-457B-9D1A-F81EE488F3B7}.Debug|iPhoneSimulator.ActiveCfg = Debug|iPhoneSimulator
		{9E9D02CD-165C-457B-9D1A-F81EE488F3B7}.Debug|iPhoneSimulator.Build.0 = Debug|iPhoneSimulator
		{9E9D02CD-165C-457B-9D1A-F81EE488F3B7}.Release|iPhone.ActiveCfg = Release|iPhone
		{9E9D02CD-165C-457B-9D1A-F81EE488F3B7}.Release|iPhone.Build.0 = Release|iPhone
		{9E9D02CD-165C-457B-9D1A-F81EE488F3B7}.Release|iPhoneSimulator.ActiveCfg = Release|iPhoneSimulator
		{9E9D02CD-165C-457B-9D1A-F81EE488F3B7}.Release|iPhoneSimulator.Build.0 = Release|iPhoneSimulator
		{9E9D02CD-165C-457B-9D1A-F81EE488F3B7}.Debug|iPhone.ActiveCfg = Debug|iPhone
		{9E9D02CD-165C-457B-9D1A-F81EE488F3B7}.Debug|iPhone.Build.0 = Debug|iPhone
		{5D1BBEA0-CF9C-4DF4-A27F-BB0E451ABBF8}.Debug|Any CPU.ActiveCfg = Debug|Any CPU
		{5D1BBEA0-CF9C-4DF4-A27F-BB0E451ABBF8}.Debug|Any CPU.Build.0 = Debug|Any CPU
		{5D1BBEA0-CF9C-4DF4-A27F-BB0E451ABBF8}.Release|Any CPU.ActiveCfg = Release|Any CPU
		{5D1BBEA0-CF9C-4DF4-A27F-BB0E451ABBF8}.Release|Any CPU.Build.0 = Release|Any CPU
		{5D1BBEA0-CF9C-4DF4-A27F-BB0E451ABBF8}.Debug|iPhoneSimulator.ActiveCfg = Debug|Any CPU
		{5D1BBEA0-CF9C-4DF4-A27F-BB0E451ABBF8}.Debug|iPhoneSimulator.Build.0 = Debug|Any CPU
		{5D1BBEA0-CF9C-4DF4-A27F-BB0E451ABBF8}.Release|iPhone.ActiveCfg = Release|Any CPU
		{5D1BBEA0-CF9C-4DF4-A27F-BB0E451ABBF8}.Release|iPhone.Build.0 = Release|Any CPU
		{5D1BBEA0-CF9C-4DF4-A27F-BB0E451ABBF8}.Release|iPhoneSimulator.ActiveCfg = Release|Any CPU
		{5D1BBEA0-CF9C-4DF4-A27F-BB0E451ABBF8}.Release|iPhoneSimulator.Build.0 = Release|Any CPU
		{5D1BBEA0-CF9C-4DF4-A27F-BB0E451ABBF8}.Debug|iPhone.ActiveCfg = Debug|Any CPU
		{5D1BBEA0-CF9C-4DF4-A27F-BB0E451ABBF8}.Debug|iPhone.Build.0 = Debug|Any CPU
	EndGlobalSection
EndGlobal
